
Microsoft Visual Studio Solution File, Format Version 11.00
# Visual Studio 2010
Project("{FAE04EC0-301F-11D3-BF4B-00C04F79EFBC}") = "PATS 2018-06-18", "Assembly-CSharp.csproj", "{ACBC7715-F49F-9900-A4D4-E968D8FC8E7E}"
EndProject
Global
	GlobalSection(SolutionConfigurationPlatforms) = preSolution
		Debug|Any CPU = Debug|Any CPU
		Release|Any CPU = Release|Any CPU
	EndGlobalSection
	GlobalSection(ProjectConfigurationPlatforms) = postSolution
		{ACBC7715-F49F-9900-A4D4-E968D8FC8E7E}.Debug|Any CPU.ActiveCfg = Debug|Any CPU
		{ACBC7715-F49F-9900-A4D4-E968D8FC8E7E}.Debug|Any CPU.Build.0 = Debug|Any CPU
		{ACBC7715-F49F-9900-A4D4-E968D8FC8E7E}.Release|Any CPU.ActiveCfg = Release|Any CPU
		{ACBC7715-F49F-9900-A4D4-E968D8FC8E7E}.Release|Any CPU.Build.0 = Release|Any CPU
	EndGlobalSection
	GlobalSection(SolutionProperties) = preSolution
		HideSolutionNode = FALSE
	EndGlobalSection
	GlobalSection(MonoDevelopProperties) = preSolution
		StartupItem = Assembly-CSharp.csproj
	EndGlobalSection
EndGlobal
